PODS:
  - Kingfisher (7.6.2)
  - SnapKit (5.6.0)

DEPENDENCIES:
  - Kingfisher (~> 7.0)
  - SnapKit (~> 5.6.0)

SPEC REPOS:
  trunk:
    - Kingfisher
    - SnapKit

SPEC CHECKSUMS:
  Kingfisher: 6c5449c6450c5239166510ba04afe374a98afc4f
  SnapKit: e01d52ebb8ddbc333eefe2132acf85c8227d9c25

PODFILE CHECKSUM: b6c7dc665e2d4b2d8376056c9a1780e90c929744

COCOAPODS: 1.12.0
